
Microsoft Visual Studio Solution File, Format Version 12.00
# Visual Studio 15
VisualStudioVersion = 15.0.28307.329
MinimumVisualStudioVersion = 10.0.40219.1
Project("{FAE04EC0-301F-11D3-BF4B-00C04F79EFBC}") = "Editor", "WindowsFormsApp1\Editor.csproj", "{E14FD82B-7602-4F56-A474-56C488940050}"
EndProject
Project("{2150E333-8FDC-42A3-9474-1A3956D46DE8}") = "Solution Items", "Solution Items", "{120714FF-6B93-4D96-8A2B-BFF0E87C8BBF}"
	ProjectSection(SolutionItems) = preProject
		Icon1.ico = Icon1.ico
	EndProjectSection
EndProject
Global
	GlobalSection(SolutionConfigurationPlatforms) = preSolution
		Debug|Any CPU = Debug|Any CPU
		Release|Any CPU = Release|Any CPU
	EndGlobalSection
	GlobalSection(ProjectConfigurationPlatforms) = postSolution
		{E14FD82B-7602-4F56-A474-56C488940050}.Debug|Any CPU.ActiveCfg = Debug|Any CPU
		{E14FD82B-7602-4F56-A474-56C488940050}.Debug|Any CPU.Build.0 = Debug|Any CPU
		{E14FD82B-7602-4F56-A474-56C488940050}.Release|Any CPU.ActiveCfg = Release|Any CPU
		{E14FD82B-7602-4F56-A474-56C488940050}.Release|Any CPU.Build.0 = Release|Any CPU
	EndGlobalSection
	GlobalSection(SolutionProperties) = preSolution
		HideSolutionNode = FALSE
	EndGlobalSection
	GlobalSection(ExtensibilityGlobals) = postSolution
		SolutionGuid = {1B897BB9-FD30-41B5-9EE9-3E4FB2B305E9}
	EndGlobalSection
EndGlobal
